
Microsoft Visual Studio Solution File, Format Version 12.00
# Visual Studio Version 17
VisualStudioVersion = 17.5.33414.496
MinimumVisualStudioVersion = 10.0.40219.1
Project("{FAE04EC0-301F-11D3-BF4B-00C04F79EFBC}") = "tpmod9_1302213117", "tpmod9_1302213117\tpmod9_1302213117.csproj", "{151BAEC8-5DA3-47C1-A1E1-45C739EF199A}"
EndProject
Global
	GlobalSection(SolutionConfigurationPlatforms) = preSolution
		Debug|Any CPU = Debug|Any CPU
		Release|Any CPU = Release|Any CPU
	EndGlobalSection
	GlobalSection(ProjectConfigurationPlatforms) = postSolution
		{151BAEC8-5DA3-47C1-A1E1-45C739EF199A}.Debug|Any CPU.ActiveCfg = Debug|Any CPU
		{151BAEC8-5DA3-47C1-A1E1-45C739EF199A}.Debug|Any CPU.Build.0 = Debug|Any CPU
		{151BAEC8-5DA3-47C1-A1E1-45C739EF199A}.Release|Any CPU.ActiveCfg = Release|Any CPU
		{151BAEC8-5DA3-47C1-A1E1-45C739EF199A}.Release|Any CPU.Build.0 = Release|Any CPU
	EndGlobalSection
	GlobalSection(SolutionProperties) = preSolution
		HideSolutionNode = FALSE
	EndGlobalSection
	GlobalSection(ExtensibilityGlobals) = postSolution
		SolutionGuid = {6642F924-C3D3-4A55-A298-4FF176D59EED}
	EndGlobalSection
EndGlobal
