
Microsoft Visual Studio Solution File, Format Version 12.00
# Visual Studio Version 17
VisualStudioVersion = 17.5.33414.496
MinimumVisualStudioVersion = 10.0.40219.1
Project("{FAE04EC0-301F-11D3-BF4B-00C04F79EFBC}") = "tpmodul9_1302213117", "tpmodul9_1302213117\tpmodul9_1302213117.csproj", "{D9003769-458C-40F3-B5C2-0D2083CF1984}"
EndProject
Global
	GlobalSection(SolutionConfigurationPlatforms) = preSolution
		Debug|Any CPU = Debug|Any CPU
		Release|Any CPU = Release|Any CPU
	EndGlobalSection
	GlobalSection(ProjectConfigurationPlatforms) = postSolution
		{D9003769-458C-40F3-B5C2-0D2083CF1984}.Debug|Any CPU.ActiveCfg = Debug|Any CPU
		{D9003769-458C-40F3-B5C2-0D2083CF1984}.Debug|Any CPU.Build.0 = Debug|Any CPU
		{D9003769-458C-40F3-B5C2-0D2083CF1984}.Release|Any CPU.ActiveCfg = Release|Any CPU
		{D9003769-458C-40F3-B5C2-0D2083CF1984}.Release|Any CPU.Build.0 = Release|Any CPU
	EndGlobalSection
	GlobalSection(SolutionProperties) = preSolution
		HideSolutionNode = FALSE
	EndGlobalSection
	GlobalSection(ExtensibilityGlobals) = postSolution
		SolutionGuid = {BD42D06B-DA3B-4FA9-968D-6281BE7B5180}
	EndGlobalSection
EndGlobal
